
Microsoft Visual Studio Solution File, Format Version 12.00
# Visual Studio Version 17
VisualStudioVersion = 17.4.33213.308
MinimumVisualStudioVersion = 10.0.40219.1
Project("{FAE04EC0-301F-11D3-BF4B-00C04F79EFBC}") = "Animal", "Animal.csproj", "{74943559-ECB4-42F5-880C-C6C2B71F1473}"
EndProject
Global
	GlobalSection(SolutionConfigurationPlatforms) = preSolution
		Debug|Any CPU = Debug|Any CPU
		Release|Any CPU = Release|Any CPU
	EndGlobalSection
	GlobalSection(ProjectConfigurationPlatforms) = postSolution
		{74943559-ECB4-42F5-880C-C6C2B71F1473}.Debug|Any CPU.ActiveCfg = Debug|Any CPU
		{74943559-ECB4-42F5-880C-C6C2B71F1473}.Debug|Any CPU.Build.0 = Debug|Any CPU
		{74943559-ECB4-42F5-880C-C6C2B71F1473}.Release|Any CPU.ActiveCfg = Release|Any CPU
		{74943559-ECB4-42F5-880C-C6C2B71F1473}.Release|Any CPU.Build.0 = Release|Any CPU
	EndGlobalSection
	GlobalSection(SolutionProperties) = preSolution
		HideSolutionNode = FALSE
	EndGlobalSection
	GlobalSection(ExtensibilityGlobals) = postSolution
		SolutionGuid = {B4B28083-E8F8-4463-988A-C8EE459327C2}
	EndGlobalSection
EndGlobal
